
Microsoft Visual Studio Solution File, Format Version 12.00
# Visual Studio 14
VisualStudioVersion = 14.0.24720.0
MinimumVisualStudioVersion = 10.0.40219.1
Project("{8BC9CEB8-8B4A-11D0-8D11-00A0C91BC942}") = "SimpleFactoryPattern", "SimpleFactoryPattern\SimpleFactoryPattern.vcxproj", "{8843A5B5-F2B5-410F-B99D-12D8961A46CA}"
EndProject
Project("{8BC9CEB8-8B4A-11D0-8D11-00A0C91BC942}") = "FactoryPattern", "FactoryPattern\FactoryPattern.vcxproj", "{521FF145-6A8D-4D98-BADD-DF2AABA7CDC7}"
EndProject
Project("{8BC9CEB8-8B4A-11D0-8D11-00A0C91BC942}") = "AbstractFactory", "AbstractFactory\AbstractFactory.vcxproj", "{9DEAB6E2-A3C2-4233-B1B9-0B6D2146F504}"
EndProject
Project("{8BC9CEB8-8B4A-11D0-8D11-00A0C91BC942}") = "Builder", "Builder\Builder.vcxproj", "{7BE82941-8909-4345-A850-3E6C7103F15F}"
EndProject
Project("{8BC9CEB8-8B4A-11D0-8D11-00A0C91BC942}") = "BuilderExample_1", "BuilderExample_1\BuilderExample_1.vcxproj", "{12ACA405-027D-40C5-B5F8-6BC65327B06C}"
EndProject
Project("{8BC9CEB8-8B4A-11D0-8D11-00A0C91BC942}") = "BuilderExample_2", "BuilderExample_2\BuilderExample_2.vcxproj", "{27B47516-EF36-45F9-9134-B335B3F914F6}"
EndProject
Project("{8BC9CEB8-8B4A-11D0-8D11-00A0C91BC942}") = "Sington", "Sington\Sington.vcxproj", "{A7612701-CA79-45D3-9F6A-AF2DCC0366B7}"
EndProject
Project("{8BC9CEB8-8B4A-11D0-8D11-00A0C91BC942}") = "SingletonExample_1", "SingletonExample_1\SingletonExample_1.vcxproj", "{A3E998B5-F65B-45C9-9830-67BFD7AAA77B}"
EndProject
Project("{8BC9CEB8-8B4A-11D0-8D11-00A0C91BC942}") = "Composite", "Composite\Composite.vcxproj", "{B8A82CDF-5012-46B7-A474-26D2B0270ADA}"
EndProject
Project("{8BC9CEB8-8B4A-11D0-8D11-00A0C91BC942}") = "CompositeExample_1", "CompositeExample_1\CompositeExample_1.vcxproj", "{4D7D72CC-7C41-480E-8B57-9309BE8B4B47}"
EndProject
Project("{8BC9CEB8-8B4A-11D0-8D11-00A0C91BC942}") = "CompositeExample_2", "CompositeExample_2\CompositeExample_2.vcxproj", "{3F6D06CC-5FF6-42F4-89F7-A0D1D8BBE74C}"
EndProject
Project("{8BC9CEB8-8B4A-11D0-8D11-00A0C91BC942}") = "CompositeExample_3", "CompositeExample_3\CompositeExample_3.vcxproj", "{2DD006B2-CCD7-47E5-8693-79135F134FCF}"
EndProject
Project("{8BC9CEB8-8B4A-11D0-8D11-00A0C91BC942}") = "Adaper", "Adaper\Adaper.vcxproj", "{5BA7190F-2B80-412B-88A7-87FFE47F1D74}"
EndProject
Project("{8BC9CEB8-8B4A-11D0-8D11-00A0C91BC942}") = "AdapterExample_1", "AdapterExample_1\AdapterExample_1.vcxproj", "{329A20CF-020B-4CDB-AEF9-981595610DF4}"
EndProject
Project("{8BC9CEB8-8B4A-11D0-8D11-00A0C91BC942}") = "AdapterExample_2", "AdapterExample_2\AdapterExample_2.vcxproj", "{6ED7F70E-1034-4218-9D2B-6DFDEEAD9119}"
EndProject
Project("{8BC9CEB8-8B4A-11D0-8D11-00A0C91BC942}") = "Decorator", "Decorator\Decorator.vcxproj", "{078A1F17-EF1F-4C70-AFD3-D423701EC67F}"
EndProject
Project("{8BC9CEB8-8B4A-11D0-8D11-00A0C91BC942}") = "DecoratorExample_1", "DecoratorExample_1\DecoratorExample_1.vcxproj", "{FDC90096-A27D-405A-8990-1965D2A045E8}"
EndProject
Project("{8BC9CEB8-8B4A-11D0-8D11-00A0C91BC942}") = "BridgeExample_1", "BridgeExample_1\BridgeExample_1.vcxproj", "{CAB2B5D2-80A0-4F99-87E0-FFFCF6050505}"
EndProject
Project("{8BC9CEB8-8B4A-11D0-8D11-00A0C91BC942}") = "Observer", "Observer\Observer.vcxproj", "{48015C4E-3248-4F34-8FA2-1B670CD5E67A}"
EndProject
Project("{8BC9CEB8-8B4A-11D0-8D11-00A0C91BC942}") = "ObserverExample_1", "ObserverExample_1\ObserverExample_1.vcxproj", "{6776F39E-4694-4341-A924-9A38FFD07803}"
EndProject
Project("{8BC9CEB8-8B4A-11D0-8D11-00A0C91BC942}") = "ObserverExample_2", "ObserverExample_2\ObserverExample_2.vcxproj", "{02C20A1F-4E45-4B98-8CDD-966F54B1101E}"
EndProject
Project("{8BC9CEB8-8B4A-11D0-8D11-00A0C91BC942}") = "ProxyExample_1", "Proxy\Proxy.vcxproj", "{920B8858-1F46-414D-A390-0579241CDD9B}"
EndProject
Global
	GlobalSection(SolutionConfigurationPlatforms) = preSolution
		Debug|x64 = Debug|x64
		Debug|x86 = Debug|x86
		Release|x64 = Release|x64
		Release|x86 = Release|x86
	EndGlobalSection
	GlobalSection(ProjectConfigurationPlatforms) = postSolution
		{8843A5B5-F2B5-410F-B99D-12D8961A46CA}.Debug|x64.ActiveCfg = Debug|x64
		{8843A5B5-F2B5-410F-B99D-12D8961A46CA}.Debug|x64.Build.0 = Debug|x64
		{8843A5B5-F2B5-410F-B99D-12D8961A46CA}.Debug|x86.ActiveCfg = Debug|Win32
		{8843A5B5-F2B5-410F-B99D-12D8961A46CA}.Debug|x86.Build.0 = Debug|Win32
		{8843A5B5-F2B5-410F-B99D-12D8961A46CA}.Release|x64.ActiveCfg = Release|x64
		{8843A5B5-F2B5-410F-B99D-12D8961A46CA}.Release|x64.Build.0 = Release|x64
		{8843A5B5-F2B5-410F-B99D-12D8961A46CA}.Release|x86.ActiveCfg = Release|Win32
		{8843A5B5-F2B5-410F-B99D-12D8961A46CA}.Release|x86.Build.0 = Release|Win32
		{521FF145-6A8D-4D98-BADD-DF2AABA7CDC7}.Debug|x64.ActiveCfg = Debug|x64
		{521FF145-6A8D-4D98-BADD-DF2AABA7CDC7}.Debug|x64.Build.0 = Debug|x64
		{521FF145-6A8D-4D98-BADD-DF2AABA7CDC7}.Debug|x86.ActiveCfg = Debug|Win32
		{521FF145-6A8D-4D98-BADD-DF2AABA7CDC7}.Debug|x86.Build.0 = Debug|Win32
		{521FF145-6A8D-4D98-BADD-DF2AABA7CDC7}.Release|x64.ActiveCfg = Release|x64
		{521FF145-6A8D-4D98-BADD-DF2AABA7CDC7}.Release|x64.Build.0 = Release|x64
		{521FF145-6A8D-4D98-BADD-DF2AABA7CDC7}.Release|x86.ActiveCfg = Release|Win32
		{521FF145-6A8D-4D98-BADD-DF2AABA7CDC7}.Release|x86.Build.0 = Release|Win32
		{9DEAB6E2-A3C2-4233-B1B9-0B6D2146F504}.Debug|x64.ActiveCfg = Debug|x64
		{9DEAB6E2-A3C2-4233-B1B9-0B6D2146F504}.Debug|x64.Build.0 = Debug|x64
		{9DEAB6E2-A3C2-4233-B1B9-0B6D2146F504}.Debug|x86.ActiveCfg = Debug|Win32
		{9DEAB6E2-A3C2-4233-B1B9-0B6D2146F504}.Debug|x86.Build.0 = Debug|Win32
		{9DEAB6E2-A3C2-4233-B1B9-0B6D2146F504}.Release|x64.ActiveCfg = Release|x64
		{9DEAB6E2-A3C2-4233-B1B9-0B6D2146F504}.Release|x64.Build.0 = Release|x64
		{9DEAB6E2-A3C2-4233-B1B9-0B6D2146F504}.Release|x86.ActiveCfg = Release|Win32
		{9DEAB6E2-A3C2-4233-B1B9-0B6D2146F504}.Release|x86.Build.0 = Release|Win32
		{7BE82941-8909-4345-A850-3E6C7103F15F}.Debug|x64.ActiveCfg = Debug|x64
		{7BE82941-8909-4345-A850-3E6C7103F15F}.Debug|x64.Build.0 = Debug|x64
		{7BE82941-8909-4345-A850-3E6C7103F15F}.Debug|x86.ActiveCfg = Debug|Win32
		{7BE82941-8909-4345-A850-3E6C7103F15F}.Debug|x86.Build.0 = Debug|Win32
		{7BE82941-8909-4345-A850-3E6C7103F15F}.Release|x64.ActiveCfg = Release|x64
		{7BE82941-8909-4345-A850-3E6C7103F15F}.Release|x64.Build.0 = Release|x64
		{7BE82941-8909-4345-A850-3E6C7103F15F}.Release|x86.ActiveCfg = Release|Win32
		{7BE82941-8909-4345-A850-3E6C7103F15F}.Release|x86.Build.0 = Release|Win32
		{12ACA405-027D-40C5-B5F8-6BC65327B06C}.Debug|x64.ActiveCfg = Debug|x64
		{12ACA405-027D-40C5-B5F8-6BC65327B06C}.Debug|x64.Build.0 = Debug|x64
		{12ACA405-027D-40C5-B5F8-6BC65327B06C}.Debug|x86.ActiveCfg = Debug|Win32
		{12ACA405-027D-40C5-B5F8-6BC65327B06C}.Debug|x86.Build.0 = Debug|Win32
		{12ACA405-027D-40C5-B5F8-6BC65327B06C}.Release|x64.ActiveCfg = Release|x64
		{12ACA405-027D-40C5-B5F8-6BC65327B06C}.Release|x64.Build.0 = Release|x64
		{12ACA405-027D-40C5-B5F8-6BC65327B06C}.Release|x86.ActiveCfg = Release|Win32
		{12ACA405-027D-40C5-B5F8-6BC65327B06C}.Release|x86.Build.0 = Release|Win32
		{27B47516-EF36-45F9-9134-B335B3F914F6}.Debug|x64.ActiveCfg = Debug|x64
		{27B47516-EF36-45F9-9134-B335B3F914F6}.Debug|x64.Build.0 = Debug|x64
		{27B47516-EF36-45F9-9134-B335B3F914F6}.Debug|x86.ActiveCfg = Debug|Win32
		{27B47516-EF36-45F9-9134-B335B3F914F6}.Debug|x86.Build.0 = Debug|Win32
		{27B47516-EF36-45F9-9134-B335B3F914F6}.Release|x64.ActiveCfg = Release|x64
		{27B47516-EF36-45F9-9134-B335B3F914F6}.Release|x64.Build.0 = Release|x64
		{27B47516-EF36-45F9-9134-B335B3F914F6}.Release|x86.ActiveCfg = Release|Win32
		{27B47516-EF36-45F9-9134-B335B3F914F6}.Release|x86.Build.0 = Release|Win32
		{A7612701-CA79-45D3-9F6A-AF2DCC0366B7}.Debug|x64.ActiveCfg = Debug|x64
		{A7612701-CA79-45D3-9F6A-AF2DCC0366B7}.Debug|x64.Build.0 = Debug|x64
		{A7612701-CA79-45D3-9F6A-AF2DCC0366B7}.Debug|x86.ActiveCfg = Debug|Win32
		{A7612701-CA79-45D3-9F6A-AF2DCC0366B7}.Debug|x86.Build.0 = Debug|Win32
		{A7612701-CA79-45D3-9F6A-AF2DCC0366B7}.Release|x64.ActiveCfg = Release|x64
		{A7612701-CA79-45D3-9F6A-AF2DCC0366B7}.Release|x64.Build.0 = Release|x64
		{A7612701-CA79-45D3-9F6A-AF2DCC0366B7}.Release|x86.ActiveCfg = Release|Win32
		{A7612701-CA79-45D3-9F6A-AF2DCC0366B7}.Release|x86.Build.0 = Release|Win32
		{A3E998B5-F65B-45C9-9830-67BFD7AAA77B}.Debug|x64.ActiveCfg = Debug|x64
		{A3E998B5-F65B-45C9-9830-67BFD7AAA77B}.Debug|x64.Build.0 = Debug|x64
		{A3E998B5-F65B-45C9-9830-67BFD7AAA77B}.Debug|x86.ActiveCfg = Debug|Win32
		{A3E998B5-F65B-45C9-9830-67BFD7AAA77B}.Debug|x86.Build.0 = Debug|Win32
		{A3E998B5-F65B-45C9-9830-67BFD7AAA77B}.Release|x64.ActiveCfg = Release|x64
		{A3E998B5-F65B-45C9-9830-67BFD7AAA77B}.Release|x64.Build.0 = Release|x64
		{A3E998B5-F65B-45C9-9830-67BFD7AAA77B}.Release|x86.ActiveCfg = Release|Win32
		{A3E998B5-F65B-45C9-9830-67BFD7AAA77B}.Release|x86.Build.0 = Release|Win32
		{B8A82CDF-5012-46B7-A474-26D2B0270ADA}.Debug|x64.ActiveCfg = Debug|x64
		{B8A82CDF-5012-46B7-A474-26D2B0270ADA}.Debug|x64.Build.0 = Debug|x64
		{B8A82CDF-5012-46B7-A474-26D2B0270ADA}.Debug|x86.ActiveCfg = Debug|Win32
		{B8A82CDF-5012-46B7-A474-26D2B0270ADA}.Debug|x86.Build.0 = Debug|Win32
		{B8A82CDF-5012-46B7-A474-26D2B0270ADA}.Release|x64.ActiveCfg = Release|x64
		{B8A82CDF-5012-46B7-A474-26D2B0270ADA}.Release|x64.Build.0 = Release|x64
		{B8A82CDF-5012-46B7-A474-26D2B0270ADA}.Release|x86.ActiveCfg = Release|Win32
		{B8A82CDF-5012-46B7-A474-26D2B0270ADA}.Release|x86.Build.0 = Release|Win32
		{4D7D72CC-7C41-480E-8B57-9309BE8B4B47}.Debug|x64.ActiveCfg = Debug|x64
		{4D7D72CC-7C41-480E-8B57-9309BE8B4B47}.Debug|x64.Build.0 = Debug|x64
		{4D7D72CC-7C41-480E-8B57-9309BE8B4B47}.Debug|x86.ActiveCfg = Debug|Win32
		{4D7D72CC-7C41-480E-8B57-9309BE8B4B47}.Debug|x86.Build.0 = Debug|Win32
		{4D7D72CC-7C41-480E-8B57-9309BE8B4B47}.Release|x64.ActiveCfg = Release|x64
		{4D7D72CC-7C41-480E-8B57-9309BE8B4B47}.Release|x64.Build.0 = Release|x64
		{4D7D72CC-7C41-480E-8B57-9309BE8B4B47}.Release|x86.ActiveCfg = Release|Win32
		{4D7D72CC-7C41-480E-8B57-9309BE8B4B47}.Release|x86.Build.0 = Release|Win32
		{3F6D06CC-5FF6-42F4-89F7-A0D1D8BBE74C}.Debug|x64.ActiveCfg = Debug|x64
		{3F6D06CC-5FF6-42F4-89F7-A0D1D8BBE74C}.Debug|x64.Build.0 = Debug|x64
		{3F6D06CC-5FF6-42F4-89F7-A0D1D8BBE74C}.Debug|x86.ActiveCfg = Debug|Win32
		{3F6D06CC-5FF6-42F4-89F7-A0D1D8BBE74C}.Debug|x86.Build.0 = Debug|Win32
		{3F6D06CC-5FF6-42F4-89F7-A0D1D8BBE74C}.Release|x64.ActiveCfg = Release|x64
		{3F6D06CC-5FF6-42F4-89F7-A0D1D8BBE74C}.Release|x64.Build.0 = Release|x64
		{3F6D06CC-5FF6-42F4-89F7-A0D1D8BBE74C}.Release|x86.ActiveCfg = Release|Win32
		{3F6D06CC-5FF6-42F4-89F7-A0D1D8BBE74C}.Release|x86.Build.0 = Release|Win32
		{2DD006B2-CCD7-47E5-8693-79135F134FCF}.Debug|x64.ActiveCfg = Debug|x64
		{2DD006B2-CCD7-47E5-8693-79135F134FCF}.Debug|x64.Build.0 = Debug|x64
		{2DD006B2-CCD7-47E5-8693-79135F134FCF}.Debug|x86.ActiveCfg = Debug|Win32
		{2DD006B2-CCD7-47E5-8693-79135F134FCF}.Debug|x86.Build.0 = Debug|Win32
		{2DD006B2-CCD7-47E5-8693-79135F134FCF}.Release|x64.ActiveCfg = Release|x64
		{2DD006B2-CCD7-47E5-8693-79135F134FCF}.Release|x64.Build.0 = Release|x64
		{2DD006B2-CCD7-47E5-8693-79135F134FCF}.Release|x86.ActiveCfg = Release|Win32
		{2DD006B2-CCD7-47E5-8693-79135F134FCF}.Release|x86.Build.0 = Release|Win32
		{5BA7190F-2B80-412B-88A7-87FFE47F1D74}.Debug|x64.ActiveCfg = Debug|x64
		{5BA7190F-2B80-412B-88A7-87FFE47F1D74}.Debug|x64.Build.0 = Debug|x64
		{5BA7190F-2B80-412B-88A7-87FFE47F1D74}.Debug|x86.ActiveCfg = Debug|Win32
		{5BA7190F-2B80-412B-88A7-87FFE47F1D74}.Debug|x86.Build.0 = Debug|Win32
		{5BA7190F-2B80-412B-88A7-87FFE47F1D74}.Release|x64.ActiveCfg = Release|x64
		{5BA7190F-2B80-412B-88A7-87FFE47F1D74}.Release|x64.Build.0 = Release|x64
		{5BA7190F-2B80-412B-88A7-87FFE47F1D74}.Release|x86.ActiveCfg = Release|Win32
		{5BA7190F-2B80-412B-88A7-87FFE47F1D74}.Release|x86.Build.0 = Release|Win32
		{329A20CF-020B-4CDB-AEF9-981595610DF4}.Debug|x64.ActiveCfg = Debug|x64
		{329A20CF-020B-4CDB-AEF9-981595610DF4}.Debug|x64.Build.0 = Debug|x64
		{329A20CF-020B-4CDB-AEF9-981595610DF4}.Debug|x86.ActiveCfg = Debug|Win32
		{329A20CF-020B-4CDB-AEF9-981595610DF4}.Debug|x86.Build.0 = Debug|Win32
		{329A20CF-020B-4CDB-AEF9-981595610DF4}.Release|x64.ActiveCfg = Release|x64
		{329A20CF-020B-4CDB-AEF9-981595610DF4}.Release|x64.Build.0 = Release|x64
		{329A20CF-020B-4CDB-AEF9-981595610DF4}.Release|x86.ActiveCfg = Release|Win32
		{329A20CF-020B-4CDB-AEF9-981595610DF4}.Release|x86.Build.0 = Release|Win32
		{6ED7F70E-1034-4218-9D2B-6DFDEEAD9119}.Debug|x64.ActiveCfg = Debug|x64
		{6ED7F70E-1034-4218-9D2B-6DFDEEAD9119}.Debug|x64.Build.0 = Debug|x64
		{6ED7F70E-1034-4218-9D2B-6DFDEEAD9119}.Debug|x86.ActiveCfg = Debug|Win32
		{6ED7F70E-1034-4218-9D2B-6DFDEEAD9119}.Debug|x86.Build.0 = Debug|Win32
		{6ED7F70E-1034-4218-9D2B-6DFDEEAD9119}.Release|x64.ActiveCfg = Release|x64
		{6ED7F70E-1034-4218-9D2B-6DFDEEAD9119}.Release|x64.Build.0 = Release|x64
		{6ED7F70E-1034-4218-9D2B-6DFDEEAD9119}.Release|x86.ActiveCfg = Release|Win32
		{6ED7F70E-1034-4218-9D2B-6DFDEEAD9119}.Release|x86.Build.0 = Release|Win32
		{078A1F17-EF1F-4C70-AFD3-D423701EC67F}.Debug|x64.ActiveCfg = Debug|x64
		{078A1F17-EF1F-4C70-AFD3-D423701EC67F}.Debug|x64.Build.0 = Debug|x64
		{078A1F17-EF1F-4C70-AFD3-D423701EC67F}.Debug|x86.ActiveCfg = Debug|Win32
		{078A1F17-EF1F-4C70-AFD3-D423701EC67F}.Debug|x86.Build.0 = Debug|Win32
		{078A1F17-EF1F-4C70-AFD3-D423701EC67F}.Release|x64.ActiveCfg = Release|x64
		{078A1F17-EF1F-4C70-AFD3-D423701EC67F}.Release|x64.Build.0 = Release|x64
		{078A1F17-EF1F-4C70-AFD3-D423701EC67F}.Release|x86.ActiveCfg = Release|Win32
		{078A1F17-EF1F-4C70-AFD3-D423701EC67F}.Release|x86.Build.0 = Release|Win32
		{FDC90096-A27D-405A-8990-1965D2A045E8}.Debug|x64.ActiveCfg = Debug|x64
		{FDC90096-A27D-405A-8990-1965D2A045E8}.Debug|x64.Build.0 = Debug|x64
		{FDC90096-A27D-405A-8990-1965D2A045E8}.Debug|x86.ActiveCfg = Debug|Win32
		{FDC90096-A27D-405A-8990-1965D2A045E8}.Debug|x86.Build.0 = Debug|Win32
		{FDC90096-A27D-405A-8990-1965D2A045E8}.Release|x64.ActiveCfg = Release|x64
		{FDC90096-A27D-405A-8990-1965D2A045E8}.Release|x64.Build.0 = Release|x64
		{FDC90096-A27D-405A-8990-1965D2A045E8}.Release|x86.ActiveCfg = Release|Win32
		{FDC90096-A27D-405A-8990-1965D2A045E8}.Release|x86.Build.0 = Release|Win32
		{CAB2B5D2-80A0-4F99-87E0-FFFCF6050505}.Debug|x64.ActiveCfg = Debug|x64
		{CAB2B5D2-80A0-4F99-87E0-FFFCF6050505}.Debug|x64.Build.0 = Debug|x64
		{CAB2B5D2-80A0-4F99-87E0-FFFCF6050505}.Debug|x86.ActiveCfg = Debug|Win32
		{CAB2B5D2-80A0-4F99-87E0-FFFCF6050505}.Debug|x86.Build.0 = Debug|Win32
		{CAB2B5D2-80A0-4F99-87E0-FFFCF6050505}.Release|x64.ActiveCfg = Release|x64
		{CAB2B5D2-80A0-4F99-87E0-FFFCF6050505}.Release|x64.Build.0 = Release|x64
		{CAB2B5D2-80A0-4F99-87E0-FFFCF6050505}.Release|x86.ActiveCfg = Release|Win32
		{CAB2B5D2-80A0-4F99-87E0-FFFCF6050505}.Release|x86.Build.0 = Release|Win32
		{48015C4E-3248-4F34-8FA2-1B670CD5E67A}.Debug|x64.ActiveCfg = Debug|x64
		{48015C4E-3248-4F34-8FA2-1B670CD5E67A}.Debug|x64.Build.0 = Debug|x64
		{48015C4E-3248-4F34-8FA2-1B670CD5E67A}.Debug|x86.ActiveCfg = Debug|Win32
		{48015C4E-3248-4F34-8FA2-1B670CD5E67A}.Debug|x86.Build.0 = Debug|Win32
		{48015C4E-3248-4F34-8FA2-1B670CD5E67A}.Release|x64.ActiveCfg = Release|x64
		{48015C4E-3248-4F34-8FA2-1B670CD5E67A}.Release|x64.Build.0 = Release|x64
		{48015C4E-3248-4F34-8FA2-1B670CD5E67A}.Release|x86.ActiveCfg = Release|Win32
		{48015C4E-3248-4F34-8FA2-1B670CD5E67A}.Release|x86.Build.0 = Release|Win32
		{6776F39E-4694-4341-A924-9A38FFD07803}.Debug|x64.ActiveCfg = Debug|x64
		{6776F39E-4694-4341-A924-9A38FFD07803}.Debug|x64.Build.0 = Debug|x64
		{6776F39E-4694-4341-A924-9A38FFD07803}.Debug|x86.ActiveCfg = Debug|Win32
		{6776F39E-4694-4341-A924-9A38FFD07803}.Debug|x86.Build.0 = Debug|Win32
		{6776F39E-4694-4341-A924-9A38FFD07803}.Release|x64.ActiveCfg = Release|x64
		{6776F39E-4694-4341-A924-9A38FFD07803}.Release|x64.Build.0 = Release|x64
		{6776F39E-4694-4341-A924-9A38FFD07803}.Release|x86.ActiveCfg = Release|Win32
		{6776F39E-4694-4341-A924-9A38FFD07803}.Release|x86.Build.0 = Release|Win32
		{02C20A1F-4E45-4B98-8CDD-966F54B1101E}.Debug|x64.ActiveCfg = Debug|x64
		{02C20A1F-4E45-4B98-8CDD-966F54B1101E}.Debug|x64.Build.0 = Debug|x64
		{02C20A1F-4E45-4B98-8CDD-966F54B1101E}.Debug|x86.ActiveCfg = Debug|Win32
		{02C20A1F-4E45-4B98-8CDD-966F54B1101E}.Debug|x86.Build.0 = Debug|Win32
		{02C20A1F-4E45-4B98-8CDD-966F54B1101E}.Release|x64.ActiveCfg = Release|x64
		{02C20A1F-4E45-4B98-8CDD-966F54B1101E}.Release|x64.Build.0 = Release|x64
		{02C20A1F-4E45-4B98-8CDD-966F54B1101E}.Release|x86.ActiveCfg = Release|Win32
		{02C20A1F-4E45-4B98-8CDD-966F54B1101E}.Release|x86.Build.0 = Release|Win32
		{920B8858-1F46-414D-A390-0579241CDD9B}.Debug|x64.ActiveCfg = Debug|x64
		{920B8858-1F46-414D-A390-0579241CDD9B}.Debug|x64.Build.0 = Debug|x64
		{920B8858-1F46-414D-A390-0579241CDD9B}.Debug|x86.ActiveCfg = Debug|Win32
		{920B8858-1F46-414D-A390-0579241CDD9B}.Debug|x86.Build.0 = Debug|Win32
		{920B8858-1F46-414D-A390-0579241CDD9B}.Release|x64.ActiveCfg = Release|x64
		{920B8858-1F46-414D-A390-0579241CDD9B}.Release|x64.Build.0 = Release|x64
		{920B8858-1F46-414D-A390-0579241CDD9B}.Release|x86.ActiveCfg = Release|Win32
		{920B8858-1F46-414D-A390-0579241CDD9B}.Release|x86.Build.0 = Release|Win32
	EndGlobalSection
	GlobalSection(SolutionProperties) = preSolution
		HideSolutionNode = FALSE
	EndGlobalSection
EndGlobal
